
Microsoft Visual Studio Solution File, Format Version 12.00
# Visual Studio Version 17
VisualStudioVersion = 17.14.36127.28 d17.14
MinimumVisualStudioVersion = 10.0.40219.1
Project("{FAE04EC0-301F-11D3-BF4B-00C04F79EFBC}") = "10-CrudIslemleri", "10-CrudIslemleri\10-CrudIslemleri.csproj", "{7DDB3A1C-0727-4F5F-8F62-2008661B8EFC}"
EndProject
Global
	GlobalSection(SolutionConfigurationPlatforms) = preSolution
		Debug|Any CPU = Debug|Any CPU
		Release|Any CPU = Release|Any CPU
	EndGlobalSection
	GlobalSection(ProjectConfigurationPlatforms) = postSolution
		{7DDB3A1C-0727-4F5F-8F62-2008661B8EFC}.Debug|Any CPU.ActiveCfg = Debug|Any CPU
		{7DDB3A1C-0727-4F5F-8F62-2008661B8EFC}.Debug|Any CPU.Build.0 = Debug|Any CPU
		{7DDB3A1C-0727-4F5F-8F62-2008661B8EFC}.Release|Any CPU.ActiveCfg = Release|Any CPU
		{7DDB3A1C-0727-4F5F-8F62-2008661B8EFC}.Release|Any CPU.Build.0 = Release|Any CPU
	EndGlobalSection
	GlobalSection(SolutionProperties) = preSolution
		HideSolutionNode = FALSE
	EndGlobalSection
	GlobalSection(ExtensibilityGlobals) = postSolution
		SolutionGuid = {C247C768-A175-44F3-9060-E1A77C965D36}
	EndGlobalSection
EndGlobal
